
Microsoft Visual Studio Solution File, Format Version 12.00
# Visual Studio 15
VisualStudioVersion = 15.0.26228.4
MinimumVisualStudioVersion = 10.0.40219.1
Project("{FAE04EC0-301F-11D3-BF4B-00C04F79EFBC}") = "DemoWebForms4.5", "DemoWebForms4.5\DemoWebForms4.5.csproj", "{020B11B1-A214-442D-8A71-DD7E77D21E41}"
EndProject
Project("{FAE04EC0-301F-11D3-BF4B-00C04F79EFBC}") = "WebForms.Services", "WebForms.Services\WebForms.Services.csproj", "{967B3267-E03D-4515-AC50-BAAE51A22E4A}"
EndProject
Project("{FAE04EC0-301F-11D3-BF4B-00C04F79EFBC}") = "WebFormsProject.Data", "WebFormsProject.Data\WebFormsProject.Data.csproj", "{6E46F24C-00F2-4529-BF2C-236F96DEF2BB}"
EndProject
Project("{FAE04EC0-301F-11D3-BF4B-00C04F79EFBC}") = "WebApiWebForms", "WebApiWebForms\WebApiWebForms.csproj", "{12073AC0-2FA6-4A12-A835-5749A2774772}"
EndProject
Project("{FAE04EC0-301F-11D3-BF4B-00C04F79EFBC}") = "WebForms.Core", "WebForms.Core\WebForms.Core.csproj", "{A9F8170B-E89F-4681-B9CB-C130453DC53E}"
EndProject
Project("{FAE04EC0-301F-11D3-BF4B-00C04F79EFBC}") = "WebFormsEmpty", "WebFormsEmpty\WebFormsEmpty.csproj", "{378F7092-7078-4F62-BA1F-A69A2B141457}"
EndProject
Project("{FAE04EC0-301F-11D3-BF4B-00C04F79EFBC}") = "NetCoreAuth", "NetCoreAuth\NetCoreAuth.csproj", "{DAA1B8A0-05F7-45B4-AC22-D204DF116983}"
EndProject
Global
	GlobalSection(SolutionConfigurationPlatforms) = preSolution
		Debug|Any CPU = Debug|Any CPU
		Release|Any CPU = Release|Any CPU
	EndGlobalSection
	GlobalSection(ProjectConfigurationPlatforms) = postSolution
		{020B11B1-A214-442D-8A71-DD7E77D21E41}.Debug|Any CPU.ActiveCfg = Debug|Any CPU
		{020B11B1-A214-442D-8A71-DD7E77D21E41}.Debug|Any CPU.Build.0 = Debug|Any CPU
		{020B11B1-A214-442D-8A71-DD7E77D21E41}.Release|Any CPU.ActiveCfg = Release|Any CPU
		{020B11B1-A214-442D-8A71-DD7E77D21E41}.Release|Any CPU.Build.0 = Release|Any CPU
		{967B3267-E03D-4515-AC50-BAAE51A22E4A}.Debug|Any CPU.ActiveCfg = Debug|Any CPU
		{967B3267-E03D-4515-AC50-BAAE51A22E4A}.Debug|Any CPU.Build.0 = Debug|Any CPU
		{967B3267-E03D-4515-AC50-BAAE51A22E4A}.Release|Any CPU.ActiveCfg = Release|Any CPU
		{967B3267-E03D-4515-AC50-BAAE51A22E4A}.Release|Any CPU.Build.0 = Release|Any CPU
		{6E46F24C-00F2-4529-BF2C-236F96DEF2BB}.Debug|Any CPU.ActiveCfg = Debug|Any CPU
		{6E46F24C-00F2-4529-BF2C-236F96DEF2BB}.Debug|Any CPU.Build.0 = Debug|Any CPU
		{6E46F24C-00F2-4529-BF2C-236F96DEF2BB}.Release|Any CPU.ActiveCfg = Release|Any CPU
		{6E46F24C-00F2-4529-BF2C-236F96DEF2BB}.Release|Any CPU.Build.0 = Release|Any CPU
		{12073AC0-2FA6-4A12-A835-5749A2774772}.Debug|Any CPU.ActiveCfg = Debug|Any CPU
		{12073AC0-2FA6-4A12-A835-5749A2774772}.Debug|Any CPU.Build.0 = Debug|Any CPU
		{12073AC0-2FA6-4A12-A835-5749A2774772}.Release|Any CPU.ActiveCfg = Release|Any CPU
		{12073AC0-2FA6-4A12-A835-5749A2774772}.Release|Any CPU.Build.0 = Release|Any CPU
		{A9F8170B-E89F-4681-B9CB-C130453DC53E}.Debug|Any CPU.ActiveCfg = Debug|Any CPU
		{A9F8170B-E89F-4681-B9CB-C130453DC53E}.Debug|Any CPU.Build.0 = Debug|Any CPU
		{A9F8170B-E89F-4681-B9CB-C130453DC53E}.Release|Any CPU.ActiveCfg = Release|Any CPU
		{A9F8170B-E89F-4681-B9CB-C130453DC53E}.Release|Any CPU.Build.0 = Release|Any CPU
		{378F7092-7078-4F62-BA1F-A69A2B141457}.Debug|Any CPU.ActiveCfg = Debug|Any CPU
		{378F7092-7078-4F62-BA1F-A69A2B141457}.Debug|Any CPU.Build.0 = Debug|Any CPU
		{378F7092-7078-4F62-BA1F-A69A2B141457}.Release|Any CPU.ActiveCfg = Release|Any CPU
		{378F7092-7078-4F62-BA1F-A69A2B141457}.Release|Any CPU.Build.0 = Release|Any CPU
		{DAA1B8A0-05F7-45B4-AC22-D204DF116983}.Debug|Any CPU.ActiveCfg = Debug|Any CPU
		{DAA1B8A0-05F7-45B4-AC22-D204DF116983}.Debug|Any CPU.Build.0 = Debug|Any CPU
		{DAA1B8A0-05F7-45B4-AC22-D204DF116983}.Release|Any CPU.ActiveCfg = Release|Any CPU
		{DAA1B8A0-05F7-45B4-AC22-D204DF116983}.Release|Any CPU.Build.0 = Release|Any CPU
	EndGlobalSection
	GlobalSection(SolutionProperties) = preSolution
		HideSolutionNode = FALSE
	EndGlobalSection
EndGlobal
